// !$*UTF8*$!
{
	archiveVersion = 1;
	classes = {
	};
	objectVersion = 46;
	objects = {

/* Begin PBXBuildFile section */
		CF13EA4D1E747D22007DEEC6 /* AppDelegate.swift in Sources */ = {isa = PBXBuildFile; fileRef = CF13EA4C1E747D22007DEEC6 /* AppDelegate.swift */; };
		CF13EA4F1E747D22007DEEC6 /* ViewController.swift in Sources */ = {isa = PBXBuildFile; fileRef = CF13EA4E1E747D22007DEEC6 /* ViewController.swift */; };
		CF13EA521E747D23007DEEC6 /* Main.storyboard in Resources */ = {isa = PBXBuildFile; fileRef = CF13EA501E747D23007DEEC6 /* Main.storyboard */; };
		CF13EA541E747D23007DEEC6 /* Assets.xcassets in Resources */ = {isa = PBXBuildFile; fileRef = CF13EA531E747D23007DEEC6 /* Assets.xcassets */; };
		CF13EA571E747D23007DEEC6 /* LaunchScreen.storyboard in Resources */ = {isa = PBXBuildFile; fileRef = CF13EA551E747D23007DEEC6 /* LaunchScreen.storyboard */; };
		CF13EA601E747FD3007DEEC6 /* MFButton.swift in Sources */ = {isa = PBXBuildFile; fileRef = CF13EA5F1E747FD3007DEEC6 /* MFButton.swift */; };
		CF13EA631E74802E007DEEC6 /* MFView.swift in Sources */ = {isa = PBXBuildFile; fileRef = CF13EA621E74802E007DEEC6 /* MFView.swift */; };
		CF13EA661E748066007DEEC6 /* MFMemoryFiller.swift in Sources */ = {isa = PBXBuildFile; fileRef = CF13EA651E748066007DEEC6 /* MFMemoryFiller.swift */; };
		CF13EA681E748074007DEEC6 /* MFMemoryFillerDelegate.swift in Sources */ = {isa = PBXBuildFile; fileRef = CF13EA671E748074007DEEC6 /* MFMemoryFillerDelegate.swift */; };
/* End PBXBuildFile section */

/* Begin PBXFileReference section */
		CF13EA491E747D22007DEEC6 /* MemoryFiller.app */ = {isa = PBXFileReference; explicitFileType = wrapper.application; includeInIndex = 0; path = MemoryFiller.app; sourceTree = BUILT_PRODUCTS_DIR; };
		CF13EA4C1E747D22007DEEC6 /* AppDelegate.swift */ = {isa = PBXFileReference; lastKnownFileType = sourcecode.swift; path = AppDelegate.swift; sourceTree = "<group>"; };
		CF13EA4E1E747D22007DEEC6 /* ViewController.swift */ = {isa = PBXFileReference; lastKnownFileType = sourcecode.swift; path = ViewController.swift; sourceTree = "<group>"; };
		CF13EA511E747D23007DEEC6 /* Base */ = {isa = PBXFileReference; lastKnownFileType = file.storyboard; name = Base; path = Base.lproj/Main.storyboard; sourceTree = "<group>"; };
		CF13EA531E747D23007DEEC6 /* Assets.xcassets */ = {isa = PBXFileReference; lastKnownFileType = folder.assetcatalog; path = Assets.xcassets; sourceTree = "<group>"; };
		CF13EA561E747D23007DEEC6 /* Base */ = {isa = PBXFileReference; lastKnownFileType = file.storyboard; name = Base; path = Base.lproj/LaunchScreen.storyboard; sourceTree = "<group>"; };
		CF13EA581E747D23007DEEC6 /* Info.plist */ = {isa = PBXFileReference; lastKnownFileType = text.plist.xml; path = Info.plist; sourceTree = "<group>"; };
		CF13EA5F1E747FD3007DEEC6 /* MFButton.swift */ = {isa = PBXFileReference; fileEncoding = 4; lastKnownFileType = sourcecode.swift; path = MFButton.swift; sourceTree = "<group>"; };
		CF13EA621E74802E007DEEC6 /* MFView.swift */ = {isa = PBXFileReference; fileEncoding = 4; lastKnownFileType = sourcecode.swift; path = MFView.swift; sourceTree = "<group>"; };
		CF13EA651E748066007DEEC6 /* MFMemoryFiller.swift */ = {isa = PBXFileReference; fileEncoding = 4; lastKnownFileType = sourcecode.swift; path = MFMemoryFiller.swift; sourceTree = "<group>"; };
		CF13EA671E748074007DEEC6 /* MFMemoryFillerDelegate.swift */ = {isa = PBXFileReference; fileEncoding = 4; lastKnownFileType = sourcecode.swift; path = MFMemoryFillerDelegate.swift; sourceTree = "<group>"; };
/* End PBXFileReference section */

/* Begin PBXFrameworksBuildPhase section */
		CF13EA461E747D22007DEEC6 /* Frameworks */ = {
			isa = PBXFrameworksBuildPhase;
			buildActionMask = 2147483647;
			files = (
			);
			runOnlyForDeploymentPostprocessing = 0;
		};
/* End PBXFrameworksBuildPhase section */

/* Begin PBXGroup section */
		CF13EA401E747D22007DEEC6 = {
			isa = PBXGroup;
			children = (
				CF13EA4B1E747D22007DEEC6 /* MemoryFiller */,
				CF13EA4A1E747D22007DEEC6 /* Products */,
			);
			sourceTree = "<group>";
		};
		CF13EA4A1E747D22007DEEC6 /* Products */ = {
			isa = PBXGroup;
			children = (
				CF13EA491E747D22007DEEC6 /* MemoryFiller.app */,
			);
			name = Products;
			sourceTree = "<group>";
		};
		CF13EA4B1E747D22007DEEC6 /* MemoryFiller */ = {
			isa = PBXGroup;
			children = (
				CF13EA641E74804D007DEEC6 /* MemoryFiller */,
				CF13EA5E1E747F9B007DEEC6 /* Views */,
				CF13EA4C1E747D22007DEEC6 /* AppDelegate.swift */,
				CF13EA4E1E747D22007DEEC6 /* ViewController.swift */,
				CF13EA501E747D23007DEEC6 /* Main.storyboard */,
				CF13EA531E747D23007DEEC6 /* Assets.xcassets */,
				CF13EA551E747D23007DEEC6 /* LaunchScreen.storyboard */,
				CF13EA581E747D23007DEEC6 /* Info.plist */,
			);
			path = MemoryFiller;
			sourceTree = "<group>";
		};
		CF13EA5E1E747F9B007DEEC6 /* Views */ = {
			isa = PBXGroup;
			children = (
				CF13EA5F1E747FD3007DEEC6 /* MFButton.swift */,
				CF13EA621E74802E007DEEC6 /* MFView.swift */,
			);
			path = Views;
			sourceTree = "<group>";
		};
		CF13EA641E74804D007DEEC6 /* MemoryFiller */ = {
			isa = PBXGroup;
			children = (
				CF13EA651E748066007DEEC6 /* MFMemoryFiller.swift */,
				CF13EA671E748074007DEEC6 /* MFMemoryFillerDelegate.swift */,
			);
			path = MemoryFiller;
			sourceTree = "<group>";
		};
/* End PBXGroup section */

/* Begin PBXNativeTarget section */
		CF13EA481E747D22007DEEC6 /* MemoryFiller */ = {
			isa = PBXNativeTarget;
			buildConfigurationList = CF13EA5B1E747D23007DEEC6 /* Build configuration list for PBXNativeTarget "MemoryFiller" */;
			buildPhases = (
				CF13EA451E747D22007DEEC6 /* Sources */,
				CF13EA461E747D22007DEEC6 /* Frameworks */,
				CF13EA471E747D22007DEEC6 /* Resources */,
			);
			buildRules = (
			);
			dependencies = (
			);
			name = MemoryFiller;
			productName = MemoryFiller;
			productReference = CF13EA491E747D22007DEEC6 /* MemoryFiller.app */;
			productType = "com.apple.product-type.application";
		};
/* End PBXNativeTarget section */

/* Begin PBXProject section */
		CF13EA411E747D22007DEEC6 /* Project object */ = {
			isa = PBXProject;
			attributes = {
				LastSwiftUpdateCheck = 0820;
				LastUpgradeCheck = 0820;
				ORGANIZATIONNAME = "Михаил Куренков";
				TargetAttributes = {
					CF13EA481E747D22007DEEC6 = {
						CreatedOnToolsVersion = 8.2.1;
						DevelopmentTeam = H3GKMDNHRZ;
						ProvisioningStyle = Automatic;
					};
				};
			};
			buildConfigurationList = CF13EA441E747D22007DEEC6 /* Build configuration list for PBXProject "MemoryFiller" */;
			compatibilityVersion = "Xcode 3.2";
			developmentRegion = English;
			hasScannedForEncodings = 0;
			knownRegions = (
				en,
				Base,
			);
			mainGroup = CF13EA401E747D22007DEEC6;
			productRefGroup = CF13EA4A1E747D22007DEEC6 /* Products */;
			projectDirPath = "";
			projectRoot = "";
			targets = (
				CF13EA481E747D22007DEEC6 /* MemoryFiller */,
			);
		};
/* End PBXProject section */

/* Begin PBXResourcesBuildPhase section */
		CF13EA471E747D22007DEEC6 /* Resources */ = {
			isa = PBXResourcesBuildPhase;
			buildActionMask = 2147483647;
			files = (
				CF13EA571E747D23007DEEC6 /* LaunchScreen.storyboard in Resources */,
				CF13EA541E747D23007DEEC6 /* Assets.xcassets in Resources */,
				CF13EA521E747D23007DEEC6 /* Main.storyboard in Resources */,
			);
			runOnlyForDeploymentPostprocessing = 0;
		};
/* End PBXResourcesBuildPhase section */

/* Begin PBXSourcesBuildPhase section */
		CF13EA451E747D22007DEEC6 /* Sources */ = {
			isa = PBXSourcesBuildPhase;
			buildActionMask = 2147483647;
			files = (
				CF13EA601E747FD3007DEEC6 /* MFButton.swift in Sources */,
				CF13EA631E74802E007DEEC6 /* MFView.swift in Sources */,
				CF13EA661E748066007DEEC6 /* MFMemoryFiller.swift in Sources */,
				CF13EA4F1E747D22007DEEC6 /* ViewController.swift in Sources */,
				CF13EA681E748074007DEEC6 /* MFMemoryFillerDelegate.swift in Sources */,
				CF13EA4D1E747D22007DEEC6 /* AppDelegate.swift in Sources */,
			);
			runOnlyForDeploymentPostprocessing = 0;
		};
/* End PBXSourcesBuildPhase section */

/* Begin PBXVariantGroup section */
		CF13EA501E747D23007DEEC6 /* Main.storyboard */ = {
			isa = PBXVariantGroup;
			children = (
				CF13EA511E747D23007DEEC6 /* Base */,
			);
			name = Main.storyboard;
			sourceTree = "<group>";
		};
		CF13EA551E747D23007DEEC6 /* LaunchScreen.storyboard */ = {
			isa = PBXVariantGroup;
			children = (
				CF13EA561E747D23007DEEC6 /* Base */,
			);
			name = LaunchScreen.storyboard;
			sourceTree = "<group>";
		};
/* End PBXVariantGroup section */

/* Begin XCBuildConfiguration section */
		CF13EA591E747D23007DEEC6 /* Debug */ = {
			isa = XCBuildConfiguration;
			buildSettings = {
				ALWAYS_SEARCH_USER_PATHS = NO;
				CLANG_ANALYZER_NONNULL = YES;
				CLANG_CXX_LANGUAGE_STANDARD = "gnu++0x";
				CLANG_CXX_LIBRARY = "libc++";
				CLANG_ENABLE_MODULES = YES;
				CLANG_ENABLE_OBJC_ARC = YES;
				CLANG_WARN_BOOL_CONVERSION = YES;
				CLANG_WARN_CONSTANT_CONVERSION = YES;
				CLANG_WARN_DIRECT_OBJC_ISA_USAGE = YES_ERROR;
				CLANG_WARN_DOCUMENTATION_COMMENTS = YES;
				CLANG_WARN_EMPTY_BODY = YES;
				CLANG_WARN_ENUM_CONVERSION = YES;
				CLANG_WARN_INFINITE_RECURSION = YES;
				CLANG_WARN_INT_CONVERSION = YES;
				CLANG_WARN_OBJC_ROOT_CLASS = YES_ERROR;
				CLANG_WARN_SUSPICIOUS_MOVE = YES;
				CLANG_WARN_UNREACHABLE_CODE = YES;
				CLANG_WARN__DUPLICATE_METHOD_MATCH = YES;
				"CODE_SIGN_IDENTITY[sdk=iphoneos*]" = "iPhone Developer";
				COPY_PHASE_STRIP = NO;
				DEBUG_INFORMATION_FORMAT = dwarf;
				ENABLE_STRICT_OBJC_MSGSEND = YES;
				ENABLE_TESTABILITY = YES;
				GCC_C_LANGUAGE_STANDARD = gnu99;
				GCC_DYNAMIC_NO_PIC = NO;
				GCC_NO_COMMON_BLOCKS = YES;
				GCC_OPTIMIZATION_LEVEL = 0;
				GCC_PREPROCESSOR_DEFINITIONS = (
					"DEBUG=1",
					"$(inherited)",
				);
				GCC_WARN_64_TO_32_BIT_CONVERSION = YES;
				GCC_WARN_ABOUT_RETURN_TYPE = YES_ERROR;
				GCC_WARN_UNDECLARED_SELECTOR = YES;
				GCC_WARN_UNINITIALIZED_AUTOS = YES_AGGRESSIVE;
				GCC_WARN_UNUSED_FUNCTION = YES;
				GCC_WARN_UNUSED_VARIABLE = YES;
				IPHONEOS_DEPLOYMENT_TARGET = 9.0;
				MTL_ENABLE_DEBUG_INFO = YES;
				ONLY_ACTIVE_ARCH = YES;
				SDKROOT = iphoneos;
				SWIFT_ACTIVE_COMPILATION_CONDITIONS = DEBUG;
				SWIFT_OPTIMIZATION_LEVEL = "-Onone";
				TARGETED_DEVICE_FAMILY = "1,2";
			};
			name = Debug;
		};
		CF13EA5A1E747D23007DEEC6 /* Release */ = {
			isa = XCBuildConfiguration;
			buildSettings = {
				ALWAYS_SEARCH_USER_PATHS = NO;
				CLANG_ANALYZER_NONNULL = YES;
				CLANG_CXX_LANGUAGE_STANDARD = "gnu++0x";
				CLANG_CXX_LIBRARY = "libc++";
				CLANG_ENABLE_MODULES = YES;
				CLANG_ENABLE_OBJC_ARC = YES;
				CLANG_WARN_BOOL_CONVERSION = YES;
				CLANG_WARN_CONSTANT_CONVERSION = YES;
				CLANG_WARN_DIRECT_OBJC_ISA_USAGE = YES_ERROR;
				CLANG_WARN_DOCUMENTATION_COMMENTS = YES;
				CLANG_WARN_EMPTY_BODY = YES;
				CLANG_WARN_ENUM_CONVERSION = YES;
				CLANG_WARN_INFINITE_RECURSION = YES;
				CLANG_WARN_INT_CONVERSION = YES;
				CLANG_WARN_OBJC_ROOT_CLASS = YES_ERROR;
				CLANG_WARN_SUSPICIOUS_MOVE = YES;
				CLANG_WARN_UNREACHABLE_CODE = YES;
				CLANG_WARN__DUPLICATE_METHOD_MATCH = YES;
				"CODE_SIGN_IDENTITY[sdk=iphoneos*]" = "iPhone Developer";
				COPY_PHASE_STRIP = NO;
				DEBUG_INFORMATION_FORMAT = "dwarf-with-dsym";
				ENABLE_NS_ASSERTIONS = NO;
				ENABLE_STRICT_OBJC_MSGSEND = YES;
				GCC_C_LANGUAGE_STANDARD = gnu99;
				GCC_NO_COMMON_BLOCKS = YES;
				GCC_WARN_64_TO_32_BIT_CONVERSION = YES;
				GCC_WARN_ABOUT_RETURN_TYPE = YES_ERROR;
				GCC_WARN_UNDECLARED_SELECTOR = YES;
				GCC_WARN_UNINITIALIZED_AUTOS = YES_AGGRESSIVE;
				GCC_WARN_UNUSED_FUNCTION = YES;
				GCC_WARN_UNUSED_VARIABLE = YES;
				IPHONEOS_DEPLOYMENT_TARGET = 9.0;
				MTL_ENABLE_DEBUG_INFO = NO;
				SDKROOT = iphoneos;
				SWIFT_OPTIMIZATION_LEVEL = "-Owholemodule";
				TARGETED_DEVICE_FAMILY = "1,2";
				VALIDATE_PRODUCT = YES;
			};
			name = Release;
		};
		CF13EA5C1E747D23007DEEC6 /* Debug */ = {
			isa = XCBuildConfiguration;
			buildSettings = {
				ASSETCATALOG_COMPILER_APPICON_NAME = AppIcon;
				DEVELOPMENT_TEAM = H3GKMDNHRZ;
				INFOPLIST_FILE = MemoryFiller/Info.plist;
				LD_RUNPATH_SEARCH_PATHS = "$(inherited) @executable_path/Frameworks";
				PRODUCT_BUNDLE_IDENTIFIER = ru.mikhailkurenkov.MemoryFiller;
				PRODUCT_NAME = "$(TARGET_NAME)";
				SWIFT_VERSION = 3.0;
			};
			name = Debug;
		};
		CF13EA5D1E747D23007DEEC6 /* Release */ = {
			isa = XCBuildConfiguration;
			buildSettings = {
				ASSETCATALOG_COMPILER_APPICON_NAME = AppIcon;
				DEVELOPMENT_TEAM = H3GKMDNHRZ;
				INFOPLIST_FILE = MemoryFiller/Info.plist;
				LD_RUNPATH_SEARCH_PATHS = "$(inherited) @executable_path/Frameworks";
				PRODUCT_BUNDLE_IDENTIFIER = ru.mikhailkurenkov.MemoryFiller;
				PRODUCT_NAME = "$(TARGET_NAME)";
				SWIFT_VERSION = 3.0;
			};
			name = Release;
		};
/* End XCBuildConfiguration section */

/* Begin XCConfigurationList section */
		CF13EA441E747D22007DEEC6 /* Build configuration list for PBXProject "MemoryFiller" */ = {
			isa = XCConfigurationList;
			buildConfigurations = (
				CF13EA591E747D23007DEEC6 /* Debug */,
				CF13EA5A1E747D23007DEEC6 /* Release */,
			);
			defaultConfigurationIsVisible = 0;
			defaultConfigurationName = Release;
		};
		CF13EA5B1E747D23007DEEC6 /* Build configuration list for PBXNativeTarget "MemoryFiller" */ = {
			isa = XCConfigurationList;
			buildConfigurations = (
				CF13EA5C1E747D23007DEEC6 /* Debug */,
				CF13EA5D1E747D23007DEEC6 /* Release */,
			);
			defaultConfigurationIsVisible = 0;
			defaultConfigurationName = Release;
		};
/* End XCConfigurationList section */
	};
	rootObject = CF13EA411E747D22007DEEC6 /* Project object */;
}
